// !$*UTF8*$!
{
	archiveVersion = 1;
	classes = {
	};
	objectVersion = 77;
	objects = {

/* Begin PBXBuildFile section */
		E433AB7F2E0289B40087B3C7 /* YouTubeKit in Frameworks */ = {isa = PBXBuildFile; productRef = E433AB7E2E0289B40087B3C7 /* YouTubeKit */; };
/* End PBXBuildFile section */

/* Begin PBXContainerItemProxy section */
		E4C4C3752DF9633D004C75B0 /* PBXContainerItemProxy */ = {
			isa = PBXContainerItemProxy;
			containerPortal = E4C4C3572DF9633A004C75B0 /* Project object */;
			proxyType = 1;
			remoteGlobalIDString = E4C4C35E2DF9633A004C75B0;
			remoteInfo = YNMusicPlayer;
		};
		E4C4C37F2DF9633D004C75B0 /* PBXContainerItemProxy */ = {
			isa = PBXContainerItemProxy;
			containerPortal = E4C4C3572DF9633A004C75B0 /* Project object */;
			proxyType = 1;
			remoteGlobalIDString = E4C4C35E2DF9633A004C75B0;
			remoteInfo = YNMusicPlayer;
		};
/* End PBXContainerItemProxy section */

/* Begin PBXFileReference section */
		E4C4C35F2DF9633A004C75B0 /* YNMusicPlayer.app */ = {isa = PBXFileReference; explicitFileType = wrapper.application; includeInIndex = 0; path = YNMusicPlayer.app; sourceTree = BUILT_PRODUCTS_DIR; };
		E4C4C3742DF9633D004C75B0 /* YNMusicPlayerTests.xctest */ = {isa = PBXFileReference; explicitFileType = wrapper.cfbundle; includeInIndex = 0; path = YNMusicPlayerTests.xctest; sourceTree = BUILT_PRODUCTS_DIR; };
		E4C4C37E2DF9633D004C75B0 /* YNMusicPlayerUITests.xctest */ = {isa = PBXFileReference; explicitFileType = wrapper.cfbundle; includeInIndex = 0; path = YNMusicPlayerUITests.xctest; sourceTree = BUILT_PRODUCTS_DIR; };
/* End PBXFileReference section */

/* Begin PBXFileSystemSynchronizedBuildFileExceptionSet section */
		E4C4C39C2DF987E2004C75B0 /* Exceptions for "YNMusicPlayer" folder in "YNMusicPlayer" target */ = {
			isa = PBXFileSystemSynchronizedBuildFileExceptionSet;
			membershipExceptions = (
				Info.plist,
			);
			target = E4C4C35E2DF9633A004C75B0 /* YNMusicPlayer */;
		};
/* End PBXFileSystemSynchronizedBuildFileExceptionSet section */

/* Begin PBXFileSystemSynchronizedRootGroup section */
		E4C4C3612DF9633A004C75B0 /* YNMusicPlayer */ = {
			isa = PBXFileSystemSynchronizedRootGroup;
			exceptions = (
				E4C4C39C2DF987E2004C75B0 /* Exceptions for "YNMusicPlayer" folder in "YNMusicPlayer" target */,
			);
			path = YNMusicPlayer;
			sourceTree = "<group>";
		};
		E4C4C3772DF9633D004C75B0 /* YNMusicPlayerTests */ = {
			isa = PBXFileSystemSynchronizedRootGroup;
			path = YNMusicPlayerTests;
			sourceTree = "<group>";
		};
		E4C4C3812DF9633D004C75B0 /* YNMusicPlayerUITests */ = {
			isa = PBXFileSystemSynchronizedRootGroup;
			path = YNMusicPlayerUITests;
			sourceTree = "<group>";
		};
/* End PBXFileSystemSynchronizedRootGroup section */

/* Begin PBXFrameworksBuildPhase section */
		E4C4C35C2DF9633A004C75B0 /* Frameworks */ = {
			isa = PBXFrameworksBuildPhase;
			buildActionMask = 2147483647;
			files = (
				E433AB7F2E0289B40087B3C7 /* YouTubeKit in Frameworks */,
			);
			runOnlyForDeploymentPostprocessing = 0;
		};
		E4C4C3712DF9633D004C75B0 /* Frameworks */ = {
			isa = PBXFrameworksBuildPhase;
			buildActionMask = 2147483647;
			files = (
			);
			runOnlyForDeploymentPostprocessing = 0;
		};
		E4C4C37B2DF9633D004C75B0 /* Frameworks */ = {
			isa = PBXFrameworksBuildPhase;
			buildActionMask = 2147483647;
			files = (
			);
			runOnlyForDeploymentPostprocessing = 0;
		};
/* End PBXFrameworksBuildPhase section */

/* Begin PBXGroup section */
		E43EFA342DFABE8A008346F6 /* Preview Content */ = {
			isa = PBXGroup;
			children = (
			);
			path = "Preview Content";
			sourceTree = "<group>";
		};
		E4C4C3562DF9633A004C75B0 = {
			isa = PBXGroup;
			children = (
				E43EFA342DFABE8A008346F6 /* Preview Content */,
				E4C4C3612DF9633A004C75B0 /* YNMusicPlayer */,
				E4C4C3772DF9633D004C75B0 /* YNMusicPlayerTests */,
				E4C4C3812DF9633D004C75B0 /* YNMusicPlayerUITests */,
				E4C4C3602DF9633A004C75B0 /* Products */,
			);
			sourceTree = "<group>";
		};
		E4C4C3602DF9633A004C75B0 /* Products */ = {
			isa = PBXGroup;
			children = (
				E4C4C35F2DF9633A004C75B0 /* YNMusicPlayer.app */,
				E4C4C3742DF9633D004C75B0 /* YNMusicPlayerTests.xctest */,
				E4C4C37E2DF9633D004C75B0 /* YNMusicPlayerUITests.xctest */,
			);
			name = Products;
			sourceTree = "<group>";
		};
/* End PBXGroup section */

/* Begin PBXNativeTarget section */
		E4C4C35E2DF9633A004C75B0 /* YNMusicPlayer */ = {
			isa = PBXNativeTarget;
			buildConfigurationList = E4C4C3882DF9633D004C75B0 /* Build configuration list for PBXNativeTarget "YNMusicPlayer" */;
			buildPhases = (
				E4C4C35B2DF9633A004C75B0 /* Sources */,
				E4C4C35C2DF9633A004C75B0 /* Frameworks */,
				E4C4C35D2DF9633A004C75B0 /* Resources */,
			);
			buildRules = (
			);
			dependencies = (
			);
			fileSystemSynchronizedGroups = (
				E4C4C3612DF9633A004C75B0 /* YNMusicPlayer */,
			);
			name = YNMusicPlayer;
			packageProductDependencies = (
				E433AB7E2E0289B40087B3C7 /* YouTubeKit */,
			);
			productName = YNMusicPlayer;
			productReference = E4C4C35F2DF9633A004C75B0 /* YNMusicPlayer.app */;
			productType = "com.apple.product-type.application";
		};
		E4C4C3732DF9633D004C75B0 /* YNMusicPlayerTests */ = {
			isa = PBXNativeTarget;
			buildConfigurationList = E4C4C38B2DF9633D004C75B0 /* Build configuration list for PBXNativeTarget "YNMusicPlayerTests" */;
			buildPhases = (
				E4C4C3702DF9633D004C75B0 /* Sources */,
				E4C4C3712DF9633D004C75B0 /* Frameworks */,
				E4C4C3722DF9633D004C75B0 /* Resources */,
			);
			buildRules = (
			);
			dependencies = (
				E4C4C3762DF9633D004C75B0 /* PBXTargetDependency */,
			);
			fileSystemSynchronizedGroups = (
				E4C4C3772DF9633D004C75B0 /* YNMusicPlayerTests */,
			);
			name = YNMusicPlayerTests;
			packageProductDependencies = (
			);
			productName = YNMusicPlayerTests;
			productReference = E4C4C3742DF9633D004C75B0 /* YNMusicPlayerTests.xctest */;
			productType = "com.apple.product-type.bundle.unit-test";
		};
		E4C4C37D2DF9633D004C75B0 /* YNMusicPlayerUITests */ = {
			isa = PBXNativeTarget;
			buildConfigurationList = E4C4C38E2DF9633D004C75B0 /* Build configuration list for PBXNativeTarget "YNMusicPlayerUITests" */;
			buildPhases = (
				E4C4C37A2DF9633D004C75B0 /* Sources */,
				E4C4C37B2DF9633D004C75B0 /* Frameworks */,
				E4C4C37C2DF9633D004C75B0 /* Resources */,
			);
			buildRules = (
			);
			dependencies = (
				E4C4C3802DF9633D004C75B0 /* PBXTargetDependency */,
			);
			fileSystemSynchronizedGroups = (
				E4C4C3812DF9633D004C75B0 /* YNMusicPlayerUITests */,
			);
			name = YNMusicPlayerUITests;
			packageProductDependencies = (
			);
			productName = YNMusicPlayerUITests;
			productReference = E4C4C37E2DF9633D004C75B0 /* YNMusicPlayerUITests.xctest */;
			productType = "com.apple.product-type.bundle.ui-testing";
		};
/* End PBXNativeTarget section */

/* Begin PBXProject section */
		E4C4C3572DF9633A004C75B0 /* Project object */ = {
			isa = PBXProject;
			attributes = {
				BuildIndependentTargetsInParallel = 1;
				LastSwiftUpdateCheck = 1610;
				LastUpgradeCheck = 1640;
				TargetAttributes = {
					E4C4C35E2DF9633A004C75B0 = {
						CreatedOnToolsVersion = 16.1;
					};
					E4C4C3732DF9633D004C75B0 = {
						CreatedOnToolsVersion = 16.1;
						TestTargetID = E4C4C35E2DF9633A004C75B0;
					};
					E4C4C37D2DF9633D004C75B0 = {
						CreatedOnToolsVersion = 16.1;
						TestTargetID = E4C4C35E2DF9633A004C75B0;
					};
				};
			};
			buildConfigurationList = E4C4C35A2DF9633A004C75B0 /* Build configuration list for PBXProject "YNMusicPlayer" */;
			developmentRegion = en;
			hasScannedForEncodings = 0;
			knownRegions = (
				en,
				Base,
			);
			mainGroup = E4C4C3562DF9633A004C75B0;
			minimizedProjectReferenceProxies = 1;
			packageReferences = (
				E433AB7D2E0289B40087B3C7 /* XCRemoteSwiftPackageReference "YouTubeKit" */,
			);
			preferredProjectObjectVersion = 77;
			productRefGroup = E4C4C3602DF9633A004C75B0 /* Products */;
			projectDirPath = "";
			projectRoot = "";
			targets = (
				E4C4C35E2DF9633A004C75B0 /* YNMusicPlayer */,
				E4C4C3732DF9633D004C75B0 /* YNMusicPlayerTests */,
				E4C4C37D2DF9633D004C75B0 /* YNMusicPlayerUITests */,
			);
		};
/* End PBXProject section */

/* Begin PBXResourcesBuildPhase section */
		E4C4C35D2DF9633A004C75B0 /* Resources */ = {
			isa = PBXResourcesBuildPhase;
			buildActionMask = 2147483647;
			files = (
			);
			runOnlyForDeploymentPostprocessing = 0;
		};
		E4C4C3722DF9633D004C75B0 /* Resources */ = {
			isa = PBXResourcesBuildPhase;
			buildActionMask = 2147483647;
			files = (
			);
			runOnlyForDeploymentPostprocessing = 0;
		};
		E4C4C37C2DF9633D004C75B0 /* Resources */ = {
			isa = PBXResourcesBuildPhase;
			buildActionMask = 2147483647;
			files = (
			);
			runOnlyForDeploymentPostprocessing = 0;
		};
/* End PBXResourcesBuildPhase section */

/* Begin PBXSourcesBuildPhase section */
		E4C4C35B2DF9633A004C75B0 /* Sources */ = {
			isa = PBXSourcesBuildPhase;
			buildActionMask = 2147483647;
			files = (
			);
			runOnlyForDeploymentPostprocessing = 0;
		};
		E4C4C3702DF9633D004C75B0 /* Sources */ = {
			isa = PBXSourcesBuildPhase;
			buildActionMask = 2147483647;
			files = (
			);
			runOnlyForDeploymentPostprocessing = 0;
		};
		E4C4C37A2DF9633D004C75B0 /* Sources */ = {
			isa = PBXSourcesBuildPhase;
			buildActionMask = 2147483647;
			files = (
			);
			runOnlyForDeploymentPostprocessing = 0;
		};
/* End PBXSourcesBuildPhase section */

/* Begin PBXTargetDependency section */
		E4C4C3762DF9633D004C75B0 /* PBXTargetDependency */ = {
			isa = PBXTargetDependency;
			target = E4C4C35E2DF9633A004C75B0 /* YNMusicPlayer */;
			targetProxy = E4C4C3752DF9633D004C75B0 /* PBXContainerItemProxy */;
		};
		E4C4C3802DF9633D004C75B0 /* PBXTargetDependency */ = {
			isa = PBXTargetDependency;
			target = E4C4C35E2DF9633A004C75B0 /* YNMusicPlayer */;
			targetProxy = E4C4C37F2DF9633D004C75B0 /* PBXContainerItemProxy */;
		};
/* End PBXTargetDependency section */

/* Begin XCBuildConfiguration section */
		E4C4C3862DF9633D004C75B0 /* Debug */ = {
			isa = XCBuildConfiguration;
			buildSettings = {
				ALWAYS_SEARCH_USER_PATHS = NO;
				ASSETCATALOG_COMPILER_GENERATE_SWIFT_ASSET_SYMBOL_EXTENSIONS = YES;
				CLANG_ANALYZER_NONNULL = YES;
				CLANG_ANALYZER_NUMBER_OBJECT_CONVERSION = YES_AGGRESSIVE;
				CLANG_CXX_LANGUAGE_STANDARD = "gnu++20";
				CLANG_ENABLE_MODULES = YES;
				CLANG_ENABLE_OBJC_ARC = YES;
				CLANG_ENABLE_OBJC_WEAK = YES;
				CLANG_WARN_BLOCK_CAPTURE_AUTORELEASING = YES;
				CLANG_WARN_BOOL_CONVERSION = YES;
				CLANG_WARN_COMMA = YES;
				CLANG_WARN_CONSTANT_CONVERSION = YES;
				CLANG_WARN_DEPRECATED_OBJC_IMPLEMENTATIONS = YES;
				CLANG_WARN_DIRECT_OBJC_ISA_USAGE = YES_ERROR;
				CLANG_WARN_DOCUMENTATION_COMMENTS = YES;
				CLANG_WARN_EMPTY_BODY = YES;
				CLANG_WARN_ENUM_CONVERSION = YES;
				CLANG_WARN_INFINITE_RECURSION = YES;
				CLANG_WARN_INT_CONVERSION = YES;
				CLANG_WARN_NON_LITERAL_NULL_CONVERSION = YES;
				CLANG_WARN_OBJC_IMPLICIT_RETAIN_SELF = YES;
				CLANG_WARN_OBJC_LITERAL_CONVERSION = YES;
				CLANG_WARN_OBJC_ROOT_CLASS = YES_ERROR;
				CLANG_WARN_QUOTED_INCLUDE_IN_FRAMEWORK_HEADER = YES;
				CLANG_WARN_RANGE_LOOP_ANALYSIS = YES;
				CLANG_WARN_STRICT_PROTOTYPES = YES;
				CLANG_WARN_SUSPICIOUS_MOVE = YES;
				CLANG_WARN_UNGUARDED_AVAILABILITY = YES_AGGRESSIVE;
				CLANG_WARN_UNREACHABLE_CODE = YES;
				CLANG_WARN__DUPLICATE_METHOD_MATCH = YES;
				COPY_PHASE_STRIP = NO;
				DEBUG_INFORMATION_FORMAT = dwarf;
				DEVELOPMENT_TEAM = LDY38WB7N3;
				ENABLE_STRICT_OBJC_MSGSEND = YES;
				ENABLE_TESTABILITY = YES;
				ENABLE_USER_SCRIPT_SANDBOXING = YES;
				GCC_C_LANGUAGE_STANDARD = gnu17;
				GCC_DYNAMIC_NO_PIC = NO;
				GCC_NO_COMMON_BLOCKS = YES;
				GCC_OPTIMIZATION_LEVEL = 0;
				GCC_PREPROCESSOR_DEFINITIONS = (
					"DEBUG=1",
					"$(inherited)",
				);
				GCC_WARN_64_TO_32_BIT_CONVERSION = YES;
				GCC_WARN_ABOUT_RETURN_TYPE = YES_ERROR;
				GCC_WARN_UNDECLARED_SELECTOR = YES;
				GCC_WARN_UNINITIALIZED_AUTOS = YES_AGGRESSIVE;
				GCC_WARN_UNUSED_FUNCTION = YES;
				GCC_WARN_UNUSED_VARIABLE = YES;
				IPHONEOS_DEPLOYMENT_TARGET = 18.1;
				LOCALIZATION_PREFERS_STRING_CATALOGS = YES;
				MTL_ENABLE_DEBUG_INFO = INCLUDE_SOURCE;
				MTL_FAST_MATH = YES;
				ONLY_ACTIVE_ARCH = YES;
				OTHER_SWIFT_FLAGS = "";
				"OTHER_SWIFT_FLAGS[arch=*]" = "-Xfrontend -warn-long-expression-type-checking=200";
				SDKROOT = iphoneos;
				SWIFT_ACTIVE_COMPILATION_CONDITIONS = "DEBUG $(inherited)";
				SWIFT_OPTIMIZATION_LEVEL = "-Onone";
			};
			name = Debug;
		};
		E4C4C3872DF9633D004C75B0 /* Release */ = {
			isa = XCBuildConfiguration;
			buildSettings = {
				ALWAYS_SEARCH_USER_PATHS = NO;
				ASSETCATALOG_COMPILER_GENERATE_SWIFT_ASSET_SYMBOL_EXTENSIONS = YES;
				CLANG_ANALYZER_NONNULL = YES;
				CLANG_ANALYZER_NUMBER_OBJECT_CONVERSION = YES_AGGRESSIVE;
				CLANG_CXX_LANGUAGE_STANDARD = "gnu++20";
				CLANG_ENABLE_MODULES = YES;
				CLANG_ENABLE_OBJC_ARC = YES;
				CLANG_ENABLE_OBJC_WEAK = YES;
				CLANG_WARN_BLOCK_CAPTURE_AUTORELEASING = YES;
				CLANG_WARN_BOOL_CONVERSION = YES;
				CLANG_WARN_COMMA = YES;
				CLANG_WARN_CONSTANT_CONVERSION = YES;
				CLANG_WARN_DEPRECATED_OBJC_IMPLEMENTATIONS = YES;
				CLANG_WARN_DIRECT_OBJC_ISA_USAGE = YES_ERROR;
				CLANG_WARN_DOCUMENTATION_COMMENTS = YES;
				CLANG_WARN_EMPTY_BODY = YES;
				CLANG_WARN_ENUM_CONVERSION = YES;
				CLANG_WARN_INFINITE_RECURSION = YES;
				CLANG_WARN_INT_CONVERSION = YES;
				CLANG_WARN_NON_LITERAL_NULL_CONVERSION = YES;
				CLANG_WARN_OBJC_IMPLICIT_RETAIN_SELF = YES;
				CLANG_WARN_OBJC_LITERAL_CONVERSION = YES;
				CLANG_WARN_OBJC_ROOT_CLASS = YES_ERROR;
				CLANG_WARN_QUOTED_INCLUDE_IN_FRAMEWORK_HEADER = YES;
				CLANG_WARN_RANGE_LOOP_ANALYSIS = YES;
				CLANG_WARN_STRICT_PROTOTYPES = YES;
				CLANG_WARN_SUSPICIOUS_MOVE = YES;
				CLANG_WARN_UNGUARDED_AVAILABILITY = YES_AGGRESSIVE;
				CLANG_WARN_UNREACHABLE_CODE = YES;
				CLANG_WARN__DUPLICATE_METHOD_MATCH = YES;
				COPY_PHASE_STRIP = NO;
				DEBUG_INFORMATION_FORMAT = "dwarf-with-dsym";
				DEVELOPMENT_TEAM = LDY38WB7N3;
				ENABLE_NS_ASSERTIONS = NO;
				ENABLE_STRICT_OBJC_MSGSEND = YES;
				ENABLE_USER_SCRIPT_SANDBOXING = YES;
				GCC_C_LANGUAGE_STANDARD = gnu17;
				GCC_NO_COMMON_BLOCKS = YES;
				GCC_WARN_64_TO_32_BIT_CONVERSION = YES;
				GCC_WARN_ABOUT_RETURN_TYPE = YES_ERROR;
				GCC_WARN_UNDECLARED_SELECTOR = YES;
				GCC_WARN_UNINITIALIZED_AUTOS = YES_AGGRESSIVE;
				GCC_WARN_UNUSED_FUNCTION = YES;
				GCC_WARN_UNUSED_VARIABLE = YES;
				IPHONEOS_DEPLOYMENT_TARGET = 18.1;
				LOCALIZATION_PREFERS_STRING_CATALOGS = YES;
				MTL_ENABLE_DEBUG_INFO = NO;
				MTL_FAST_MATH = YES;
				OTHER_SWIFT_FLAGS = "";
				SDKROOT = iphoneos;
				SWIFT_COMPILATION_MODE = wholemodule;
				VALIDATE_PRODUCT = YES;
			};
			name = Release;
		};
		E4C4C3892DF9633D004C75B0 /* Debug */ = {
			isa = XCBuildConfiguration;
			buildSettings = {
				ASSETCATALOG_COMPILER_APPICON_NAME = AppIcon;
				ASSETCATALOG_COMPILER_GLOBAL_ACCENT_COLOR_NAME = AccentColor;
				CODE_SIGN_ENTITLEMENTS = YNMusicPlayer/Persistence/CoreData/YNMusicPlayer.entitlements;
				CODE_SIGN_STYLE = Automatic;
				CURRENT_PROJECT_VERSION = 1;
				ENABLE_PREVIEWS = YES;
				GENERATE_INFOPLIST_FILE = YES;
				INFOPLIST_FILE = YNMusicPlayer/Info.plist;
				INFOPLIST_KEY_CFBundleDisplayName = OfflinePlayerable;
				INFOPLIST_KEY_LSSupportsOpeningDocumentsInPlace = YES;
				INFOPLIST_KEY_UIApplicationSceneManifest_Generation = YES;
				INFOPLIST_KEY_UIApplicationSupportsIndirectInputEvents = YES;
				INFOPLIST_KEY_UILaunchScreen_Generation = YES;
				INFOPLIST_KEY_UISupportedInterfaceOrientations_iPad = "UIInterfaceOrientationPortrait UIInterfaceOrientationPortraitUpsideDown UIInterfaceOrientationLandscapeLeft UIInterfaceOrientationLandscapeRight";
				INFOPLIST_KEY_UISupportedInterfaceOrientations_iPhone = "UIInterfaceOrientationPortrait UIInterfaceOrientationLandscapeLeft UIInterfaceOrientationLandscapeRight";
				INFOPLIST_KEY_UISupportsDocumentBrowser = YES;
				IPHONEOS_DEPLOYMENT_TARGET = 17.0;
				LD_RUNPATH_SEARCH_PATHS = (
					"$(inherited)",
					"@executable_path/Frameworks",
				);
				MARKETING_VERSION = 1.0;
				PRODUCT_BUNDLE_IDENTIFIER = com.yune.YNMusicPlayer;
				PRODUCT_NAME = "$(TARGET_NAME)";
				SUPPORTED_PLATFORMS = "iphoneos iphonesimulator";
				SUPPORTS_MACCATALYST = NO;
				SUPPORTS_MAC_DESIGNED_FOR_IPHONE_IPAD = NO;
				SUPPORTS_XR_DESIGNED_FOR_IPHONE_IPAD = NO;
				SWIFT_EMIT_LOC_STRINGS = YES;
				SWIFT_STRICT_CONCURRENCY = complete;
				SWIFT_VERSION = 6.0;
				TARGETED_DEVICE_FAMILY = 1;
			};
			name = Debug;
		};
		E4C4C38A2DF9633D004C75B0 /* Release */ = {
			isa = XCBuildConfiguration;
			buildSettings = {
				ASSETCATALOG_COMPILER_APPICON_NAME = AppIcon;
				ASSETCATALOG_COMPILER_GLOBAL_ACCENT_COLOR_NAME = AccentColor;
				CODE_SIGN_ENTITLEMENTS = YNMusicPlayer/Persistence/CoreData/YNMusicPlayer.entitlements;
				CODE_SIGN_STYLE = Automatic;
				CURRENT_PROJECT_VERSION = 1;
				ENABLE_PREVIEWS = YES;
				GENERATE_INFOPLIST_FILE = YES;
				INFOPLIST_FILE = YNMusicPlayer/Info.plist;
				INFOPLIST_KEY_CFBundleDisplayName = OfflinePlayerble;
				INFOPLIST_KEY_LSSupportsOpeningDocumentsInPlace = YES;
				INFOPLIST_KEY_UIApplicationSceneManifest_Generation = YES;
				INFOPLIST_KEY_UIApplicationSupportsIndirectInputEvents = YES;
				INFOPLIST_KEY_UILaunchScreen_Generation = YES;
				INFOPLIST_KEY_UISupportedInterfaceOrientations_iPad = "UIInterfaceOrientationPortrait UIInterfaceOrientationPortraitUpsideDown UIInterfaceOrientationLandscapeLeft UIInterfaceOrientationLandscapeRight";
				INFOPLIST_KEY_UISupportedInterfaceOrientations_iPhone = "UIInterfaceOrientationPortrait UIInterfaceOrientationLandscapeLeft UIInterfaceOrientationLandscapeRight";
				INFOPLIST_KEY_UISupportsDocumentBrowser = YES;
				IPHONEOS_DEPLOYMENT_TARGET = 17.0;
				LD_RUNPATH_SEARCH_PATHS = (
					"$(inherited)",
					"@executable_path/Frameworks",
				);
				MARKETING_VERSION = 1.0;
				PRODUCT_BUNDLE_IDENTIFIER = com.yune.YNMusicPlayer;
				PRODUCT_NAME = "$(TARGET_NAME)";
				SUPPORTED_PLATFORMS = "iphoneos iphonesimulator";
				SUPPORTS_MACCATALYST = NO;
				SUPPORTS_MAC_DESIGNED_FOR_IPHONE_IPAD = NO;
				SUPPORTS_XR_DESIGNED_FOR_IPHONE_IPAD = NO;
				SWIFT_EMIT_LOC_STRINGS = YES;
				SWIFT_STRICT_CONCURRENCY = complete;
				SWIFT_VERSION = 6.0;
				TARGETED_DEVICE_FAMILY = 1;
			};
			name = Release;
		};
		E4C4C38C2DF9633D004C75B0 /* Debug */ = {
			isa = XCBuildConfiguration;
			buildSettings = {
				BUNDLE_LOADER = "$(TEST_HOST)";
				CODE_SIGN_STYLE = Automatic;
				CURRENT_PROJECT_VERSION = 1;
				GENERATE_INFOPLIST_FILE = YES;
				IPHONEOS_DEPLOYMENT_TARGET = 18.1;
				MARKETING_VERSION = 1.0;
				PRODUCT_BUNDLE_IDENTIFIER = com.yune.YNMusicPlayerTests;
				PRODUCT_NAME = "$(TARGET_NAME)";
				SWIFT_EMIT_LOC_STRINGS = NO;
				SWIFT_VERSION = 5.0;
				TARGETED_DEVICE_FAMILY = "1,2";
				TEST_HOST = "$(BUILT_PRODUCTS_DIR)/YNMusicPlayer.app/$(BUNDLE_EXECUTABLE_FOLDER_PATH)/YNMusicPlayer";
			};
			name = Debug;
		};
		E4C4C38D2DF9633D004C75B0 /* Release */ = {
			isa = XCBuildConfiguration;
			buildSettings = {
				BUNDLE_LOADER = "$(TEST_HOST)";
				CODE_SIGN_STYLE = Automatic;
				CURRENT_PROJECT_VERSION = 1;
				GENERATE_INFOPLIST_FILE = YES;
				IPHONEOS_DEPLOYMENT_TARGET = 18.1;
				MARKETING_VERSION = 1.0;
				PRODUCT_BUNDLE_IDENTIFIER = com.yune.YNMusicPlayerTests;
				PRODUCT_NAME = "$(TARGET_NAME)";
				SWIFT_EMIT_LOC_STRINGS = NO;
				SWIFT_VERSION = 5.0;
				TARGETED_DEVICE_FAMILY = "1,2";
				TEST_HOST = "$(BUILT_PRODUCTS_DIR)/YNMusicPlayer.app/$(BUNDLE_EXECUTABLE_FOLDER_PATH)/YNMusicPlayer";
			};
			name = Release;
		};
		E4C4C38F2DF9633D004C75B0 /* Debug */ = {
			isa = XCBuildConfiguration;
			buildSettings = {
				CODE_SIGN_STYLE = Automatic;
				CURRENT_PROJECT_VERSION = 1;
				GENERATE_INFOPLIST_FILE = YES;
				MARKETING_VERSION = 1.0;
				PRODUCT_BUNDLE_IDENTIFIER = com.yune.YNMusicPlayerUITests;
				PRODUCT_NAME = "$(TARGET_NAME)";
				SWIFT_EMIT_LOC_STRINGS = NO;
				SWIFT_VERSION = 5.0;
				TARGETED_DEVICE_FAMILY = "1,2";
				TEST_TARGET_NAME = YNMusicPlayer;
			};
			name = Debug;
		};
		E4C4C3902DF9633D004C75B0 /* Release */ = {
			isa = XCBuildConfiguration;
			buildSettings = {
				CODE_SIGN_STYLE = Automatic;
				CURRENT_PROJECT_VERSION = 1;
				GENERATE_INFOPLIST_FILE = YES;
				MARKETING_VERSION = 1.0;
				PRODUCT_BUNDLE_IDENTIFIER = com.yune.YNMusicPlayerUITests;
				PRODUCT_NAME = "$(TARGET_NAME)";
				SWIFT_EMIT_LOC_STRINGS = NO;
				SWIFT_VERSION = 5.0;
				TARGETED_DEVICE_FAMILY = "1,2";
				TEST_TARGET_NAME = YNMusicPlayer;
			};
			name = Release;
		};
/* End XCBuildConfiguration section */

/* Begin XCConfigurationList section */
		E4C4C35A2DF9633A004C75B0 /* Build configuration list for PBXProject "YNMusicPlayer" */ = {
			isa = XCConfigurationList;
			buildConfigurations = (
				E4C4C3862DF9633D004C75B0 /* Debug */,
				E4C4C3872DF9633D004C75B0 /* Release */,
			);
			defaultConfigurationIsVisible = 0;
			defaultConfigurationName = Release;
		};
		E4C4C3882DF9633D004C75B0 /* Build configuration list for PBXNativeTarget "YNMusicPlayer" */ = {
			isa = XCConfigurationList;
			buildConfigurations = (
				E4C4C3892DF9633D004C75B0 /* Debug */,
				E4C4C38A2DF9633D004C75B0 /* Release */,
			);
			defaultConfigurationIsVisible = 0;
			defaultConfigurationName = Release;
		};
		E4C4C38B2DF9633D004C75B0 /* Build configuration list for PBXNativeTarget "YNMusicPlayerTests" */ = {
			isa = XCConfigurationList;
			buildConfigurations = (
				E4C4C38C2DF9633D004C75B0 /* Debug */,
				E4C4C38D2DF9633D004C75B0 /* Release */,
			);
			defaultConfigurationIsVisible = 0;
			defaultConfigurationName = Release;
		};
		E4C4C38E2DF9633D004C75B0 /* Build configuration list for PBXNativeTarget "YNMusicPlayerUITests" */ = {
			isa = XCConfigurationList;
			buildConfigurations = (
				E4C4C38F2DF9633D004C75B0 /* Debug */,
				E4C4C3902DF9633D004C75B0 /* Release */,
			);
			defaultConfigurationIsVisible = 0;
			defaultConfigurationName = Release;
		};
/* End XCConfigurationList section */

/* Begin XCRemoteSwiftPackageReference section */
		E433AB7D2E0289B40087B3C7 /* XCRemoteSwiftPackageReference "YouTubeKit" */ = {
			isa = XCRemoteSwiftPackageReference;
			repositoryURL = "https://github.com/alexeichhorn/YouTubeKit.git";
			requirement = {
				kind = upToNextMajorVersion;
				minimumVersion = 0.2.8;
			};
		};
/* End XCRemoteSwiftPackageReference section */

/* Begin XCSwiftPackageProductDependency section */
		E433AB7E2E0289B40087B3C7 /* YouTubeKit */ = {
			isa = XCSwiftPackageProductDependency;
			package = E433AB7D2E0289B40087B3C7 /* XCRemoteSwiftPackageReference "YouTubeKit" */;
			productName = YouTubeKit;
		};
/* End XCSwiftPackageProductDependency section */
	};
	rootObject = E4C4C3572DF9633A004C75B0 /* Project object */;
}
